// !$*UTF8*$!
{
	archiveVersion = 1;
	classes = {
	};
	objectVersion = 77;
	objects = {

/* Begin PBXBuildFile section */
		0585E03413FFDF9EFCA29162 /* RemoteConfigService.swift in Sources */ = {isa = PBXBuildFile; fileRef = 172C80265C690A1CBA1AB513 /* RemoteConfigService.swift */; };
		16C4692BF8F6FB78A0AF8396 /* Theme.swift in Sources */ = {isa = PBXBuildFile; fileRef = 72DBB650985CEBB74ADD653D /* Theme.swift */; };
		18BD42D7B852803D64AE1A29 /* AppScheduleOverride.swift in Sources */ = {isa = PBXBuildFile; fileRef = B80D66E1F5A6A368B92FC9A2 /* AppScheduleOverride.swift */; };
		1C19F68A182B0A9FEAE5495F /* ManagedSettings.framework in Frameworks */ = {isa = PBXBuildFile; fileRef = 15E0A914AA260D4008747A4F /* ManagedSettings.framework */; };
		1D8836FD8B7D24D197F5D4AC /* UnlockService.swift in Sources */ = {isa = PBXBuildFile; fileRef = 497698F50F8F5D38D66B556C /* UnlockService.swift */; };
		20B484AA1B047782345594AC /* QuietGlassControls.swift in Sources */ = {isa = PBXBuildFile; fileRef = B7D58AD709E5CB710F3B4DC0 /* QuietGlassControls.swift */; };
		231C780B7D6E28FAD793E4BB /* MockFamilyControlsService.swift in Sources */ = {isa = PBXBuildFile; fileRef = 2684C065EBF920C9D38FBD2E /* MockFamilyControlsService.swift */; };
		236D3E1A7F54C81B6219E82A /* PaperweightApp.swift in Sources */ = {isa = PBXBuildFile; fileRef = DB10A937CB25D4F1025ED58A /* PaperweightApp.swift */; };
		278FFD23A1D63FECCF6D55BF /* HomeViewModel.swift in Sources */ = {isa = PBXBuildFile; fileRef = D0313BE6FC21A3B5741EF08E /* HomeViewModel.swift */; };
		2CD399E9A43A551F6AD5AA08 /* RestrictionService.swift in Sources */ = {isa = PBXBuildFile; fileRef = ABF61317C7984B6647AAAC75 /* RestrictionService.swift */; };
		2D9AA9D10A2B06AC21BD531A /* NFCServiceProtocol.swift in Sources */ = {isa = PBXBuildFile; fileRef = D0B4AA21743CE06BCF93E991 /* NFCServiceProtocol.swift */; };
		32A91960EBE2A9869D2BC527 /* Phrases.swift in Sources */ = {isa = PBXBuildFile; fileRef = 35411EF9BA9E870DFC350E5B /* Phrases.swift */; };
		32E61BBDBB546858D9D37A59 /* FamilyControlsServiceProtocol.swift in Sources */ = {isa = PBXBuildFile; fileRef = 4DDF5A88B6F793390794C8EB /* FamilyControlsServiceProtocol.swift */; };
		343373EAD62D693C32ADF916 /* PaperweightTests.swift in Sources */ = {isa = PBXBuildFile; fileRef = 264A71AAA48B827E09F01182 /* PaperweightTests.swift */; };
		35246FB65A87F3CE6BA6F9C7 /* PaperweightSchedule.swift in Sources */ = {isa = PBXBuildFile; fileRef = 1B54307C7A7519A4B3438B18 /* PaperweightSchedule.swift */; };
		3DE7B615FF189E1D7BF27B40 /* NFCSetupView.swift in Sources */ = {isa = PBXBuildFile; fileRef = B54086F0817AEB7475A36F78 /* NFCSetupView.swift */; };
		4656D694A0BC116B5C3C310D /* RestrictionServiceProtocols.swift in Sources */ = {isa = PBXBuildFile; fileRef = 3209C3B6A76505D7AD40C5AF /* RestrictionServiceProtocols.swift */; };
		4665B03758F0126826B2AC47 /* HomeView.swift in Sources */ = {isa = PBXBuildFile; fileRef = D16052C368FABF3E1EF3AF80 /* HomeView.swift */; };
		488665AECFFF3EBB720368F9 /* RecoveryCodesView.swift in Sources */ = {isa = PBXBuildFile; fileRef = 1013F9C16F8E8EC69938A8FF /* RecoveryCodesView.swift */; };
		4F58CACFF6415F405CE76572 /* HomeViewModelTests.swift in Sources */ = {isa = PBXBuildFile; fileRef = D34DAC18D1685AAB35D06CA2 /* HomeViewModelTests.swift */; };
		510CE49FE5D5AD1BA17AE0B4 /* RecoveryCodeService.swift in Sources */ = {isa = PBXBuildFile; fileRef = 67C0A6F2ECCBB5247566970C /* RecoveryCodeService.swift */; };
		5356D37A9C4CCDE78AA00F68 /* FamilyControlsServiceProtocol.swift in Sources */ = {isa = PBXBuildFile; fileRef = 4DDF5A88B6F793390794C8EB /* FamilyControlsServiceProtocol.swift */; };
		546FD52159CD41A43610D0CE /* UnlockView.swift in Sources */ = {isa = PBXBuildFile; fileRef = 0F5D8553F9CE8E640D7F9853 /* UnlockView.swift */; };
		564C9D3B84D6180C6FE549CB /* UnlockError.swift in Sources */ = {isa = PBXBuildFile; fileRef = 92A3B6F147C20B902A2DC11F /* UnlockError.swift */; };
		56A632507F2C3965376DCEB1 /* RestrictionServiceTests.swift in Sources */ = {isa = PBXBuildFile; fileRef = 1F146F4B009BC0C785B756F9 /* RestrictionServiceTests.swift */; };
		5D3A5E0B30D512F498412888 /* FamilyControls.framework in Frameworks */ = {isa = PBXBuildFile; fileRef = CD13470A08F204624DA65F74 /* FamilyControls.framework */; };
		5EC0D88794BAA83D5A2E1336 /* ManagedSettings.framework in Frameworks */ = {isa = PBXBuildFile; fileRef = 15E0A914AA260D4008747A4F /* ManagedSettings.framework */; };
		5FB4A31E86CBF59A93F84E8B /* PaperweightConfig.swift in Sources */ = {isa = PBXBuildFile; fileRef = 33D2591C379D3DFA09823FAC /* PaperweightConfig.swift */; };
		63494D2979924E643F1212B6 /* NFCBuyingGuideView.swift in Sources */ = {isa = PBXBuildFile; fileRef = 63469D0E8F92F2C207D15434 /* NFCBuyingGuideView.swift */; };
		635F665B2460E2705D1035EF /* MockNFCService.swift in Sources */ = {isa = PBXBuildFile; fileRef = 547419179AFC16EBCAE9BE6A /* MockNFCService.swift */; };
		650E12E7894E8260902B4AB5 /* Constants.swift in Sources */ = {isa = PBXBuildFile; fileRef = B2C4F583245D32301B7B51FA /* Constants.swift */; };
		68A04CA76B3553BC9590FD78 /* DeviceActivity.framework in Frameworks */ = {isa = PBXBuildFile; fileRef = E5ABF52C51B8CEE1FB112DC7 /* DeviceActivity.framework */; };
		6D5F7540E174A627BABDE9B3 /* NFCServiceProtocol.swift in Sources */ = {isa = PBXBuildFile; fileRef = D0B4AA21743CE06BCF93E991 /* NFCServiceProtocol.swift */; };
		7033EAF2C0ABBF499384B243 /* NFCServiceProtocol.swift in Sources */ = {isa = PBXBuildFile; fileRef = D0B4AA21743CE06BCF93E991 /* NFCServiceProtocol.swift */; };
		72DB3538D76A9807E61A817C /* QuietGlassMotifs.swift in Sources */ = {isa = PBXBuildFile; fileRef = CFE34EBC31B40416E68E9A9C /* QuietGlassMotifs.swift */; };
		73E676B9CFAB3F345FE496C5 /* FamilyControlsServiceProtocol.swift in Sources */ = {isa = PBXBuildFile; fileRef = 4DDF5A88B6F793390794C8EB /* FamilyControlsServiceProtocol.swift */; };
		7582E00B005ACF79D4FAF826 /* RecoveryCode.swift in Sources */ = {isa = PBXBuildFile; fileRef = D7D3454799163DB263AAA357 /* RecoveryCode.swift */; };
		795CD1B8B7A12F99291CC116 /* UnlockService.swift in Sources */ = {isa = PBXBuildFile; fileRef = 497698F50F8F5D38D66B556C /* UnlockService.swift */; };
		79EE2079919843270EA8647F /* ScheduleService.swift in Sources */ = {isa = PBXBuildFile; fileRef = D87CF16D7FC3A797014E83CF /* ScheduleService.swift */; };
		81E670B9862CFB149B8BA647 /* MockManagedSettingsStore.swift in Sources */ = {isa = PBXBuildFile; fileRef = A8EAABD1B8EF17ADDF63430A /* MockManagedSettingsStore.swift */; };
		82BB5D4E7DF0F181BE1DDD56 /* PaperweightSchedule.swift in Sources */ = {isa = PBXBuildFile; fileRef = 1B54307C7A7519A4B3438B18 /* PaperweightSchedule.swift */; };
		83EC4D3E7E5AC0D75F3CF27C /* DisablePaperweightSheet.swift in Sources */ = {isa = PBXBuildFile; fileRef = C6B07495D8CF9F6B55D21578 /* DisablePaperweightSheet.swift */; };
		89A5E3CB6E85F46BFA2444D8 /* ConfigStoreTests.swift in Sources */ = {isa = PBXBuildFile; fileRef = C9EA5321F30E75F5E4C18054 /* ConfigStoreTests.swift */; };
		8BD8EA08C0DF578A025D69B0 /* AppScheduleOverride.swift in Sources */ = {isa = PBXBuildFile; fileRef = B80D66E1F5A6A368B92FC9A2 /* AppScheduleOverride.swift */; };
		8E0D86BC891DB8660253F9BF /* PaperweightMonitor.appex in Embed Foundation Extensions */ = {isa = PBXBuildFile; fileRef = 14BF93E70A98619836CE6456 /* PaperweightMonitor.appex */; settings = {ATTRIBUTES = (RemoveHeadersOnCopy, ); }; };
		8FA4807D8F3098534BFD82FF /* Theme.swift in Sources */ = {isa = PBXBuildFile; fileRef = 72DBB650985CEBB74ADD653D /* Theme.swift */; };
		91738619322FD967319A090B /* Spectral-Light.ttf in Resources */ = {isa = PBXBuildFile; fileRef = EDC912C852DEE8B08F6D2C83 /* Spectral-Light.ttf */; };
		92D65888149ADC4999112910 /* RecoveryCode.swift in Sources */ = {isa = PBXBuildFile; fileRef = D7D3454799163DB263AAA357 /* RecoveryCode.swift */; };
		985994F02E9178DA3E96ACC6 /* Spectral-LightItalic.ttf in Resources */ = {isa = PBXBuildFile; fileRef = D7AC3901EB6BEE3A3D4AD897 /* Spectral-LightItalic.ttf */; };
		9D43ED8403454EB38E4B7ED5 /* DeviceActivity.framework in Frameworks */ = {isa = PBXBuildFile; fileRef = E5ABF52C51B8CEE1FB112DC7 /* DeviceActivity.framework */; };
		A1CFC8B8F51C8EE1A2D04D84 /* FamilyControls.framework in Frameworks */ = {isa = PBXBuildFile; fileRef = CD13470A08F204624DA65F74 /* FamilyControls.framework */; };
		A26ACC8ECB32908F3EB398A4 /* HomeViewModel.swift in Sources */ = {isa = PBXBuildFile; fileRef = D0313BE6FC21A3B5741EF08E /* HomeViewModel.swift */; };
		A302E708456D7170EED1527A /* HomeViewModel.swift in Sources */ = {isa = PBXBuildFile; fileRef = D0313BE6FC21A3B5741EF08E /* HomeViewModel.swift */; };
		A348E46CC02DA56F28126EAE /* AppScheduleOverride.swift in Sources */ = {isa = PBXBuildFile; fileRef = B80D66E1F5A6A368B92FC9A2 /* AppScheduleOverride.swift */; };
		A53DA99915F59AA209AC5529 /* PaperweightConfigTests.swift in Sources */ = {isa = PBXBuildFile; fileRef = B61140B5FB638BF2A018B6B9 /* PaperweightConfigTests.swift */; };
		A7D129795779FC6DB2893F51 /* Constants.swift in Sources */ = {isa = PBXBuildFile; fileRef = B2C4F583245D32301B7B51FA /* Constants.swift */; };
		AAA31E1B007C9E8E59B5918A /* FamilyActivitySelection+Summary.swift in Sources */ = {isa = PBXBuildFile; fileRef = 5246118BE8B6DCB165645370 /* FamilyActivitySelection+Summary.swift */; };
		AB33A18842DBE7B2E5FE13EF /* RestrictionServiceProtocols.swift in Sources */ = {isa = PBXBuildFile; fileRef = 3209C3B6A76505D7AD40C5AF /* RestrictionServiceProtocols.swift */; };
		AC2A289D780D35CAA93E81BE /* PaperweightConfig.swift in Sources */ = {isa = PBXBuildFile; fileRef = 33D2591C379D3DFA09823FAC /* PaperweightConfig.swift */; };
		ADD1522D64DC58D31B162343 /* PaperweightSchedule.swift in Sources */ = {isa = PBXBuildFile; fileRef = 1B54307C7A7519A4B3438B18 /* PaperweightSchedule.swift */; };
		AFD4876C736B06CA0FA4D105 /* RestrictionService.swift in Sources */ = {isa = PBXBuildFile; fileRef = ABF61317C7984B6647AAAC75 /* RestrictionService.swift */; };
		B19AAC31F05CE108F2B19A1A /* Assets.xcassets in Resources */ = {isa = PBXBuildFile; fileRef = 2DCE96A22EF690AA116DAB93 /* Assets.xcassets */; };
		B3B16CBBAF9C7007E03A1C2D /* NFCService.swift in Sources */ = {isa = PBXBuildFile; fileRef = 6B5F811117BA243EEA446573 /* NFCService.swift */; };
		B42620646E967A28A80E0588 /* DeviceActivity.framework in Frameworks */ = {isa = PBXBuildFile; fileRef = E5ABF52C51B8CEE1FB112DC7 /* DeviceActivity.framework */; };
		B8D200F1968016B8D3A39B1C /* NFCError.swift in Sources */ = {isa = PBXBuildFile; fileRef = F18D9688BE57BB64F825FADF /* NFCError.swift */; };
		BA8884DEF16AC136977095A0 /* ConfigStore.swift in Sources */ = {isa = PBXBuildFile; fileRef = E73E8039E73078EDAFA8A63A /* ConfigStore.swift */; };
		BBE028A9F17A27DA612374EE /* SchibstedGrotesk.ttf in Resources */ = {isa = PBXBuildFile; fileRef = 210EF05BC79AAABF75F3BD4A /* SchibstedGrotesk.ttf */; };
		BDEBCA32A049E3FA07DC0C3B /* PaperweightMonitor.swift in Sources */ = {isa = PBXBuildFile; fileRef = 90C367BBFE7CC04350ABADDB /* PaperweightMonitor.swift */; };
		C216DB6EE0BF7910C50A2ED4 /* UnlockServiceTests.swift in Sources */ = {isa = PBXBuildFile; fileRef = CBE80E7DAADF971A042189DE /* UnlockServiceTests.swift */; };
		C52C44661DB163A6A674CD94 /* Constants.swift in Sources */ = {isa = PBXBuildFile; fileRef = B2C4F583245D32301B7B51FA /* Constants.swift */; };
		C6523CE66E1247875864A35D /* ManagedSettings.framework in Frameworks */ = {isa = PBXBuildFile; fileRef = 15E0A914AA260D4008747A4F /* ManagedSettings.framework */; };
		C871CD3DFEC37637DA7E4D27 /* RestrictionServiceProtocols.swift in Sources */ = {isa = PBXBuildFile; fileRef = 3209C3B6A76505D7AD40C5AF /* RestrictionServiceProtocols.swift */; };
		C9721FF3565FB9142E9D0A3B /* CoreNFC.framework in Frameworks */ = {isa = PBXBuildFile; fileRef = 9718F6AD0F49D6618322A25C /* CoreNFC.framework */; };
		CD08568061993B59263ADD73 /* RecoveryCode.swift in Sources */ = {isa = PBXBuildFile; fileRef = D7D3454799163DB263AAA357 /* RecoveryCode.swift */; };
		CE8076341C31A3D1062D6B64 /* DissolveText.swift in Sources */ = {isa = PBXBuildFile; fileRef = FD69FAE80E790B2DD7CC28D2 /* DissolveText.swift */; };
		CFF71B13D0936160DF62DF25 /* ConfigStore.swift in Sources */ = {isa = PBXBuildFile; fileRef = E73E8039E73078EDAFA8A63A /* ConfigStore.swift */; };
		D31857E0FDE54BDC9194C2F7 /* CoreNFC.framework in Frameworks */ = {isa = PBXBuildFile; fileRef = 9718F6AD0F49D6618322A25C /* CoreNFC.framework */; };
		D77BA22D048D5BC84FAD3A61 /* PaperweightConfig.swift in Sources */ = {isa = PBXBuildFile; fileRef = 33D2591C379D3DFA09823FAC /* PaperweightConfig.swift */; };
		DB8C14210D8D7D49B3B80C92 /* NFCError.swift in Sources */ = {isa = PBXBuildFile; fileRef = F18D9688BE57BB64F825FADF /* NFCError.swift */; };
		DE14CE3876EB0B465A38D391 /* UnlockError.swift in Sources */ = {isa = PBXBuildFile; fileRef = 92A3B6F147C20B902A2DC11F /* UnlockError.swift */; };
		DFECF6080B935CA87530DE30 /* RestrictionService.swift in Sources */ = {isa = PBXBuildFile; fileRef = ABF61317C7984B6647AAAC75 /* RestrictionService.swift */; };
		E59D5A2C7ACFE311F51E25AB /* FamilyControlsService.swift in Sources */ = {isa = PBXBuildFile; fileRef = 3559557FC1A539F56DBF5628 /* FamilyControlsService.swift */; };
		E7389ADA39ACF946603D5564 /* ConfigStore.swift in Sources */ = {isa = PBXBuildFile; fileRef = E73E8039E73078EDAFA8A63A /* ConfigStore.swift */; };
		EF65ED71C4FF21E93D27E722 /* ScheduleView.swift in Sources */ = {isa = PBXBuildFile; fileRef = 4A67E90D190AAFCA2C024FF7 /* ScheduleView.swift */; };
		F1F9010363988A4AC15640F4 /* UnlockError.swift in Sources */ = {isa = PBXBuildFile; fileRef = 92A3B6F147C20B902A2DC11F /* UnlockError.swift */; };
		F226E770514F86CD56A48425 /* NFCError.swift in Sources */ = {isa = PBXBuildFile; fileRef = F18D9688BE57BB64F825FADF /* NFCError.swift */; };
		F5F68C74DA31D2A3967CDADC /* UnlockService.swift in Sources */ = {isa = PBXBuildFile; fileRef = 497698F50F8F5D38D66B556C /* UnlockService.swift */; };
		FC015DB3B839A98F3647235A /* FamilyControls.framework in Frameworks */ = {isa = PBXBuildFile; fileRef = CD13470A08F204624DA65F74 /* FamilyControls.framework */; };
		FDB136D8C8B149F52135D5BC /* Theme.swift in Sources */ = {isa = PBXBuildFile; fileRef = 72DBB650985CEBB74ADD653D /* Theme.swift */; };
/* End PBXBuildFile section */

/* Begin PBXContainerItemProxy section */
		338520E716FE4034184B620A /* PBXContainerItemProxy */ = {
			isa = PBXContainerItemProxy;
			containerPortal = 3E6ACD68C01D066401A4AD6B /* Project object */;
			proxyType = 1;
			remoteGlobalIDString = BAC30A900654386918FD9C87;
			remoteInfo = PaperweightMonitor;
		};
/* End PBXContainerItemProxy section */

/* Begin PBXCopyFilesBuildPhase section */
		BF07C0CEE76710A1813B47A8 /* Embed Foundation Extensions */ = {
			isa = PBXCopyFilesBuildPhase;
			buildActionMask = 2147483647;
			dstPath = "";
			dstSubfolderSpec = 13;
			files = (
				8E0D86BC891DB8660253F9BF /* PaperweightMonitor.appex in Embed Foundation Extensions */,
			);
			name = "Embed Foundation Extensions";
			runOnlyForDeploymentPostprocessing = 0;
		};
/* End PBXCopyFilesBuildPhase section */

/* Begin PBXFileReference section */
		0F5D8553F9CE8E640D7F9853 /* UnlockView.swift */ = {isa = PBXFileReference; lastKnownFileType = sourcecode.swift; path = UnlockView.swift; sourceTree = "<group>"; };
		1013F9C16F8E8EC69938A8FF /* RecoveryCodesView.swift */ = {isa = PBXFileReference; lastKnownFileType = sourcecode.swift; path = RecoveryCodesView.swift; sourceTree = "<group>"; };
		14BF93E70A98619836CE6456 /* PaperweightMonitor.appex */ = {isa = PBXFileReference; includeInIndex = 0; lastKnownFileType = "wrapper.app-extension"; path = PaperweightMonitor.appex; sourceTree = BUILT_PRODUCTS_DIR; };
		15E0A914AA260D4008747A4F /* ManagedSettings.framework */ = {isa = PBXFileReference; lastKnownFileType = wrapper.framework; name = ManagedSettings.framework; path = System/Library/Frameworks/ManagedSettings.framework; sourceTree = SDKROOT; };
		172C80265C690A1CBA1AB513 /* RemoteConfigService.swift */ = {isa = PBXFileReference; lastKnownFileType = sourcecode.swift; path = RemoteConfigService.swift; sourceTree = "<group>"; };
		1B54307C7A7519A4B3438B18 /* PaperweightSchedule.swift */ = {isa = PBXFileReference; lastKnownFileType = sourcecode.swift; path = PaperweightSchedule.swift; sourceTree = "<group>"; };
		1F146F4B009BC0C785B756F9 /* RestrictionServiceTests.swift */ = {isa = PBXFileReference; lastKnownFileType = sourcecode.swift; path = RestrictionServiceTests.swift; sourceTree = "<group>"; };
		210EF05BC79AAABF75F3BD4A /* SchibstedGrotesk.ttf */ = {isa = PBXFileReference; lastKnownFileType = file; path = SchibstedGrotesk.ttf; sourceTree = "<group>"; };
		264A71AAA48B827E09F01182 /* PaperweightTests.swift */ = {isa = PBXFileReference; lastKnownFileType = sourcecode.swift; path = PaperweightTests.swift; sourceTree = "<group>"; };
		2684C065EBF920C9D38FBD2E /* MockFamilyControlsService.swift */ = {isa = PBXFileReference; lastKnownFileType = sourcecode.swift; path = MockFamilyControlsService.swift; sourceTree = "<group>"; };
		2DCE96A22EF690AA116DAB93 /* Assets.xcassets */ = {isa = PBXFileReference; lastKnownFileType = folder.assetcatalog; path = Assets.xcassets; sourceTree = "<group>"; };
		3209C3B6A76505D7AD40C5AF /* RestrictionServiceProtocols.swift */ = {isa = PBXFileReference; lastKnownFileType = sourcecode.swift; path = RestrictionServiceProtocols.swift; sourceTree = "<group>"; };
		33D2591C379D3DFA09823FAC /* PaperweightConfig.swift */ = {isa = PBXFileReference; lastKnownFileType = sourcecode.swift; path = PaperweightConfig.swift; sourceTree = "<group>"; };
		35411EF9BA9E870DFC350E5B /* Phrases.swift */ = {isa = PBXFileReference; lastKnownFileType = sourcecode.swift; path = Phrases.swift; sourceTree = "<group>"; };
		3559557FC1A539F56DBF5628 /* FamilyControlsService.swift */ = {isa = PBXFileReference; lastKnownFileType = sourcecode.swift; path = FamilyControlsService.swift; sourceTree = "<group>"; };
		497698F50F8F5D38D66B556C /* UnlockService.swift */ = {isa = PBXFileReference; lastKnownFileType = sourcecode.swift; path = UnlockService.swift; sourceTree = "<group>"; };
		49A7C4DD89DB4B7220D987F3 /* PaperweightMonitor.entitlements */ = {isa = PBXFileReference; lastKnownFileType = text.plist.entitlements; path = PaperweightMonitor.entitlements; sourceTree = "<group>"; };
		4A67E90D190AAFCA2C024FF7 /* ScheduleView.swift */ = {isa = PBXFileReference; lastKnownFileType = sourcecode.swift; path = ScheduleView.swift; sourceTree = "<group>"; };
		4DDF5A88B6F793390794C8EB /* FamilyControlsServiceProtocol.swift */ = {isa = PBXFileReference; lastKnownFileType = sourcecode.swift; path = FamilyControlsServiceProtocol.swift; sourceTree = "<group>"; };
		5246118BE8B6DCB165645370 /* FamilyActivitySelection+Summary.swift */ = {isa = PBXFileReference; lastKnownFileType = sourcecode.swift; path = "FamilyActivitySelection+Summary.swift"; sourceTree = "<group>"; };
		547419179AFC16EBCAE9BE6A /* MockNFCService.swift */ = {isa = PBXFileReference; lastKnownFileType = sourcecode.swift; path = MockNFCService.swift; sourceTree = "<group>"; };
		63469D0E8F92F2C207D15434 /* NFCBuyingGuideView.swift */ = {isa = PBXFileReference; lastKnownFileType = sourcecode.swift; path = NFCBuyingGuideView.swift; sourceTree = "<group>"; };
		67C0A6F2ECCBB5247566970C /* RecoveryCodeService.swift */ = {isa = PBXFileReference; lastKnownFileType = sourcecode.swift; path = RecoveryCodeService.swift; sourceTree = "<group>"; };
		6B5F811117BA243EEA446573 /* NFCService.swift */ = {isa = PBXFileReference; lastKnownFileType = sourcecode.swift; path = NFCService.swift; sourceTree = "<group>"; };
		6C7930F0F3E94F416D019E71 /* Info.plist */ = {isa = PBXFileReference; lastKnownFileType = text.plist; path = Info.plist; sourceTree = "<group>"; };
		72DBB650985CEBB74ADD653D /* Theme.swift */ = {isa = PBXFileReference; lastKnownFileType = sourcecode.swift; path = Theme.swift; sourceTree = "<group>"; };
		8E24AC0D3BBE607941DBA376 /* Paperweight.app */ = {isa = PBXFileReference; includeInIndex = 0; lastKnownFileType = wrapper.application; path = Paperweight.app; sourceTree = BUILT_PRODUCTS_DIR; };
		90C367BBFE7CC04350ABADDB /* PaperweightMonitor.swift */ = {isa = PBXFileReference; lastKnownFileType = sourcecode.swift; path = PaperweightMonitor.swift; sourceTree = "<group>"; };
		92A3B6F147C20B902A2DC11F /* UnlockError.swift */ = {isa = PBXFileReference; lastKnownFileType = sourcecode.swift; path = UnlockError.swift; sourceTree = "<group>"; };
		9718F6AD0F49D6618322A25C /* CoreNFC.framework */ = {isa = PBXFileReference; lastKnownFileType = wrapper.framework; name = CoreNFC.framework; path = System/Library/Frameworks/CoreNFC.framework; sourceTree = SDKROOT; };
		A2D5EC807AF58E21436D3AC4 /* PaperweightTests.xctest */ = {isa = PBXFileReference; includeInIndex = 0; lastKnownFileType = wrapper.cfbundle; path = PaperweightTests.xctest; sourceTree = BUILT_PRODUCTS_DIR; };
		A8EAABD1B8EF17ADDF63430A /* MockManagedSettingsStore.swift */ = {isa = PBXFileReference; lastKnownFileType = sourcecode.swift; path = MockManagedSettingsStore.swift; sourceTree = "<group>"; };
		A9A7DCD7D164C6FCF489982A /* Info.plist */ = {isa = PBXFileReference; lastKnownFileType = text.plist; path = Info.plist; sourceTree = "<group>"; };
		ABF61317C7984B6647AAAC75 /* RestrictionService.swift */ = {isa = PBXFileReference; lastKnownFileType = sourcecode.swift; path = RestrictionService.swift; sourceTree = "<group>"; };
		B2C4F583245D32301B7B51FA /* Constants.swift */ = {isa = PBXFileReference; lastKnownFileType = sourcecode.swift; path = Constants.swift; sourceTree = "<group>"; };
		B54086F0817AEB7475A36F78 /* NFCSetupView.swift */ = {isa = PBXFileReference; lastKnownFileType = sourcecode.swift; path = NFCSetupView.swift; sourceTree = "<group>"; };
		B61140B5FB638BF2A018B6B9 /* PaperweightConfigTests.swift */ = {isa = PBXFileReference; lastKnownFileType = sourcecode.swift; path = PaperweightConfigTests.swift; sourceTree = "<group>"; };
		B7D58AD709E5CB710F3B4DC0 /* QuietGlassControls.swift */ = {isa = PBXFileReference; lastKnownFileType = sourcecode.swift; path = QuietGlassControls.swift; sourceTree = "<group>"; };
		B80D66E1F5A6A368B92FC9A2 /* AppScheduleOverride.swift */ = {isa = PBXFileReference; lastKnownFileType = sourcecode.swift; path = AppScheduleOverride.swift; sourceTree = "<group>"; };
		BDAAADECFF58B99FC5491C06 /* Paperweight.entitlements */ = {isa = PBXFileReference; lastKnownFileType = text.plist.entitlements; path = Paperweight.entitlements; sourceTree = "<group>"; };
		C6B07495D8CF9F6B55D21578 /* DisablePaperweightSheet.swift */ = {isa = PBXFileReference; lastKnownFileType = sourcecode.swift; path = DisablePaperweightSheet.swift; sourceTree = "<group>"; };
		C9EA5321F30E75F5E4C18054 /* ConfigStoreTests.swift */ = {isa = PBXFileReference; lastKnownFileType = sourcecode.swift; path = ConfigStoreTests.swift; sourceTree = "<group>"; };
		CBE80E7DAADF971A042189DE /* UnlockServiceTests.swift */ = {isa = PBXFileReference; lastKnownFileType = sourcecode.swift; path = UnlockServiceTests.swift; sourceTree = "<group>"; };
		CD13470A08F204624DA65F74 /* FamilyControls.framework */ = {isa = PBXFileReference; lastKnownFileType = wrapper.framework; name = FamilyControls.framework; path = System/Library/Frameworks/FamilyControls.framework; sourceTree = SDKROOT; };
		CFE34EBC31B40416E68E9A9C /* QuietGlassMotifs.swift */ = {isa = PBXFileReference; lastKnownFileType = sourcecode.swift; path = QuietGlassMotifs.swift; sourceTree = "<group>"; };
		D0313BE6FC21A3B5741EF08E /* HomeViewModel.swift */ = {isa = PBXFileReference; lastKnownFileType = sourcecode.swift; path = HomeViewModel.swift; sourceTree = "<group>"; };
		D0B4AA21743CE06BCF93E991 /* NFCServiceProtocol.swift */ = {isa = PBXFileReference; lastKnownFileType = sourcecode.swift; path = NFCServiceProtocol.swift; sourceTree = "<group>"; };
		D16052C368FABF3E1EF3AF80 /* HomeView.swift */ = {isa = PBXFileReference; lastKnownFileType = sourcecode.swift; path = HomeView.swift; sourceTree = "<group>"; };
		D34DAC18D1685AAB35D06CA2 /* HomeViewModelTests.swift */ = {isa = PBXFileReference; lastKnownFileType = sourcecode.swift; path = HomeViewModelTests.swift; sourceTree = "<group>"; };
		D7AC3901EB6BEE3A3D4AD897 /* Spectral-LightItalic.ttf */ = {isa = PBXFileReference; lastKnownFileType = file; path = "Spectral-LightItalic.ttf"; sourceTree = "<group>"; };
		D7D3454799163DB263AAA357 /* RecoveryCode.swift */ = {isa = PBXFileReference; lastKnownFileType = sourcecode.swift; path = RecoveryCode.swift; sourceTree = "<group>"; };
		D87CF16D7FC3A797014E83CF /* ScheduleService.swift */ = {isa = PBXFileReference; lastKnownFileType = sourcecode.swift; path = ScheduleService.swift; sourceTree = "<group>"; };
		DB10A937CB25D4F1025ED58A /* PaperweightApp.swift */ = {isa = PBXFileReference; lastKnownFileType = sourcecode.swift; path = PaperweightApp.swift; sourceTree = "<group>"; };
		E5ABF52C51B8CEE1FB112DC7 /* DeviceActivity.framework */ = {isa = PBXFileReference; lastKnownFileType = wrapper.framework; name = DeviceActivity.framework; path = System/Library/Frameworks/DeviceActivity.framework; sourceTree = SDKROOT; };
		E73E8039E73078EDAFA8A63A /* ConfigStore.swift */ = {isa = PBXFileReference; lastKnownFileType = sourcecode.swift; path = ConfigStore.swift; sourceTree = "<group>"; };
		EDC912C852DEE8B08F6D2C83 /* Spectral-Light.ttf */ = {isa = PBXFileReference; lastKnownFileType = file; path = "Spectral-Light.ttf"; sourceTree = "<group>"; };
		F18D9688BE57BB64F825FADF /* NFCError.swift */ = {isa = PBXFileReference; lastKnownFileType = sourcecode.swift; path = NFCError.swift; sourceTree = "<group>"; };
		FD69FAE80E790B2DD7CC28D2 /* DissolveText.swift */ = {isa = PBXFileReference; lastKnownFileType = sourcecode.swift; path = DissolveText.swift; sourceTree = "<group>"; };
/* End PBXFileReference section */

/* Begin PBXFrameworksBuildPhase section */
		01874114DF0B099A303D4221 /* Frameworks */ = {
			isa = PBXFrameworksBuildPhase;
			buildActionMask = 2147483647;
			files = (
				FC015DB3B839A98F3647235A /* FamilyControls.framework in Frameworks */,
				1C19F68A182B0A9FEAE5495F /* ManagedSettings.framework in Frameworks */,
				B42620646E967A28A80E0588 /* DeviceActivity.framework in Frameworks */,
				C9721FF3565FB9142E9D0A3B /* CoreNFC.framework in Frameworks */,
			);
			runOnlyForDeploymentPostprocessing = 0;
		};
		9A432A40CFFD49F9D027786C /* Frameworks */ = {
			isa = PBXFrameworksBuildPhase;
			buildActionMask = 2147483647;
			files = (
				5D3A5E0B30D512F498412888 /* FamilyControls.framework in Frameworks */,
				C6523CE66E1247875864A35D /* ManagedSettings.framework in Frameworks */,
				9D43ED8403454EB38E4B7ED5 /* DeviceActivity.framework in Frameworks */,
				D31857E0FDE54BDC9194C2F7 /* CoreNFC.framework in Frameworks */,
			);
			runOnlyForDeploymentPostprocessing = 0;
		};
		B4DC66D20E948D8564C5D0B3 /* Frameworks */ = {
			isa = PBXFrameworksBuildPhase;
			buildActionMask = 2147483647;
			files = (
				A1CFC8B8F51C8EE1A2D04D84 /* FamilyControls.framework in Frameworks */,
				5EC0D88794BAA83D5A2E1336 /* ManagedSettings.framework in Frameworks */,
				68A04CA76B3553BC9590FD78 /* DeviceActivity.framework in Frameworks */,
			);
			runOnlyForDeploymentPostprocessing = 0;
		};
/* End PBXFrameworksBuildPhase section */

/* Begin PBXGroup section */
		03AC6FA5F0FC837EB66182F6 /* Services */ = {
			isa = PBXGroup;
			children = (
				D34DAC18D1685AAB35D06CA2 /* HomeViewModelTests.swift */,
				1F146F4B009BC0C785B756F9 /* RestrictionServiceTests.swift */,
				CBE80E7DAADF971A042189DE /* UnlockServiceTests.swift */,
			);
			path = Services;
			sourceTree = "<group>";
		};
		040D720044C7F8ED4C62B38D = {
			isa = PBXGroup;
			children = (
				F511CFA2C41D8B37D7A58687 /* Paperweight */,
				ADBE16A08DF4F7DBE0A88803 /* PaperweightMonitor */,
				C5BFA2ECD9018099B0F47A2D /* PaperweightTests */,
				E7AF17536E1B9128C2C977E9 /* Shared */,
				80BD27DCFA49CCF604CE4441 /* Frameworks */,
				E9E126D579897321F3F23B63 /* Products */,
			);
			sourceTree = "<group>";
		};
		253900743923A7AF7722212B /* Mocks */ = {
			isa = PBXGroup;
			children = (
				2684C065EBF920C9D38FBD2E /* MockFamilyControlsService.swift */,
				A8EAABD1B8EF17ADDF63430A /* MockManagedSettingsStore.swift */,
				547419179AFC16EBCAE9BE6A /* MockNFCService.swift */,
			);
			path = Mocks;
			sourceTree = "<group>";
		};
		30BC727102A0D14E22CB3BEE /* Fonts */ = {
			isa = PBXGroup;
			children = (
				210EF05BC79AAABF75F3BD4A /* SchibstedGrotesk.ttf */,
				EDC912C852DEE8B08F6D2C83 /* Spectral-Light.ttf */,
				D7AC3901EB6BEE3A3D4AD897 /* Spectral-LightItalic.ttf */,
			);
			path = Fonts;
			sourceTree = "<group>";
		};
		311954F4AA71DC35A82C8E21 /* Resources */ = {
			isa = PBXGroup;
			children = (
				30BC727102A0D14E22CB3BEE /* Fonts */,
				2DCE96A22EF690AA116DAB93 /* Assets.xcassets */,
			);
			path = Resources;
			sourceTree = "<group>";
		};
		31422B4E9235A05B79508E26 /* Extensions */ = {
			isa = PBXGroup;
			children = (
				5246118BE8B6DCB165645370 /* FamilyActivitySelection+Summary.swift */,
			);
			path = Extensions;
			sourceTree = "<group>";
		};
		4F9A3E42B645E59D0E5FE246 /* Services */ = {
			isa = PBXGroup;
			children = (
				3559557FC1A539F56DBF5628 /* FamilyControlsService.swift */,
				6B5F811117BA243EEA446573 /* NFCService.swift */,
				67C0A6F2ECCBB5247566970C /* RecoveryCodeService.swift */,
				172C80265C690A1CBA1AB513 /* RemoteConfigService.swift */,
				D87CF16D7FC3A797014E83CF /* ScheduleService.swift */,
			);
			path = Services;
			sourceTree = "<group>";
		};
		54CEC16E43EFB8F35C02EBEB /* Views */ = {
			isa = PBXGroup;
			children = (
				5C37387709B78025025AF4B0 /* Components */,
				C6B07495D8CF9F6B55D21578 /* DisablePaperweightSheet.swift */,
				D16052C368FABF3E1EF3AF80 /* HomeView.swift */,
				63469D0E8F92F2C207D15434 /* NFCBuyingGuideView.swift */,
				B54086F0817AEB7475A36F78 /* NFCSetupView.swift */,
				1013F9C16F8E8EC69938A8FF /* RecoveryCodesView.swift */,
				4A67E90D190AAFCA2C024FF7 /* ScheduleView.swift */,
				0F5D8553F9CE8E640D7F9853 /* UnlockView.swift */,
			);
			path = Views;
			sourceTree = "<group>";
		};
		5C37387709B78025025AF4B0 /* Components */ = {
			isa = PBXGroup;
			children = (
				FD69FAE80E790B2DD7CC28D2 /* DissolveText.swift */,
				B7D58AD709E5CB710F3B4DC0 /* QuietGlassControls.swift */,
				CFE34EBC31B40416E68E9A9C /* QuietGlassMotifs.swift */,
			);
			path = Components;
			sourceTree = "<group>";
		};
		80BD27DCFA49CCF604CE4441 /* Frameworks */ = {
			isa = PBXGroup;
			children = (
				9718F6AD0F49D6618322A25C /* CoreNFC.framework */,
				E5ABF52C51B8CEE1FB112DC7 /* DeviceActivity.framework */,
				CD13470A08F204624DA65F74 /* FamilyControls.framework */,
				15E0A914AA260D4008747A4F /* ManagedSettings.framework */,
			);
			name = Frameworks;
			sourceTree = "<group>";
		};
		8BFE49421532224803FDAFBD /* Protocols */ = {
			isa = PBXGroup;
			children = (
				4DDF5A88B6F793390794C8EB /* FamilyControlsServiceProtocol.swift */,
				D0B4AA21743CE06BCF93E991 /* NFCServiceProtocol.swift */,
				3209C3B6A76505D7AD40C5AF /* RestrictionServiceProtocols.swift */,
			);
			path = Protocols;
			sourceTree = "<group>";
		};
		ADBE16A08DF4F7DBE0A88803 /* PaperweightMonitor */ = {
			isa = PBXGroup;
			children = (
				A9A7DCD7D164C6FCF489982A /* Info.plist */,
				49A7C4DD89DB4B7220D987F3 /* PaperweightMonitor.entitlements */,
				90C367BBFE7CC04350ABADDB /* PaperweightMonitor.swift */,
			);
			path = PaperweightMonitor;
			sourceTree = "<group>";
		};
		C0F41B88848F993F8DBEA92D /* Models */ = {
			isa = PBXGroup;
			children = (
				C9EA5321F30E75F5E4C18054 /* ConfigStoreTests.swift */,
				B61140B5FB638BF2A018B6B9 /* PaperweightConfigTests.swift */,
			);
			path = Models;
			sourceTree = "<group>";
		};
		C5BFA2ECD9018099B0F47A2D /* PaperweightTests */ = {
			isa = PBXGroup;
			children = (
				253900743923A7AF7722212B /* Mocks */,
				C0F41B88848F993F8DBEA92D /* Models */,
				03AC6FA5F0FC837EB66182F6 /* Services */,
				264A71AAA48B827E09F01182 /* PaperweightTests.swift */,
			);
			path = PaperweightTests;
			sourceTree = "<group>";
		};
		CA08F45503351CFBEA49734D /* Models */ = {
			isa = PBXGroup;
			children = (
				B80D66E1F5A6A368B92FC9A2 /* AppScheduleOverride.swift */,
				F18D9688BE57BB64F825FADF /* NFCError.swift */,
				33D2591C379D3DFA09823FAC /* PaperweightConfig.swift */,
				1B54307C7A7519A4B3438B18 /* PaperweightSchedule.swift */,
				D7D3454799163DB263AAA357 /* RecoveryCode.swift */,
				92A3B6F147C20B902A2DC11F /* UnlockError.swift */,
			);
			path = Models;
			sourceTree = "<group>";
		};
		E7AF17536E1B9128C2C977E9 /* Shared */ = {
			isa = PBXGroup;
			children = (
				CA08F45503351CFBEA49734D /* Models */,
				8BFE49421532224803FDAFBD /* Protocols */,
				FE21F11EE500E925BBEDD157 /* Services */,
				F8DAE340FD057341AD1F7D36 /* Store */,
				E9FCD26CE4FF570F56CC907A /* ViewModels */,
				B2C4F583245D32301B7B51FA /* Constants.swift */,
				72DBB650985CEBB74ADD653D /* Theme.swift */,
			);
			path = Shared;
			sourceTree = "<group>";
		};
		E9E126D579897321F3F23B63 /* Products */ = {
			isa = PBXGroup;
			children = (
				8E24AC0D3BBE607941DBA376 /* Paperweight.app */,
				14BF93E70A98619836CE6456 /* PaperweightMonitor.appex */,
				A2D5EC807AF58E21436D3AC4 /* PaperweightTests.xctest */,
			);
			name = Products;
			sourceTree = "<group>";
		};
		E9FCD26CE4FF570F56CC907A /* ViewModels */ = {
			isa = PBXGroup;
			children = (
				D0313BE6FC21A3B5741EF08E /* HomeViewModel.swift */,
			);
			path = ViewModels;
			sourceTree = "<group>";
		};
		F511CFA2C41D8B37D7A58687 /* Paperweight */ = {
			isa = PBXGroup;
			children = (
				31422B4E9235A05B79508E26 /* Extensions */,
				311954F4AA71DC35A82C8E21 /* Resources */,
				4F9A3E42B645E59D0E5FE246 /* Services */,
				54CEC16E43EFB8F35C02EBEB /* Views */,
				6C7930F0F3E94F416D019E71 /* Info.plist */,
				BDAAADECFF58B99FC5491C06 /* Paperweight.entitlements */,
				DB10A937CB25D4F1025ED58A /* PaperweightApp.swift */,
				35411EF9BA9E870DFC350E5B /* Phrases.swift */,
			);
			path = Paperweight;
			sourceTree = "<group>";
		};
		F8DAE340FD057341AD1F7D36 /* Store */ = {
			isa = PBXGroup;
			children = (
				E73E8039E73078EDAFA8A63A /* ConfigStore.swift */,
			);
			path = Store;
			sourceTree = "<group>";
		};
		FE21F11EE500E925BBEDD157 /* Services */ = {
			isa = PBXGroup;
			children = (
				ABF61317C7984B6647AAAC75 /* RestrictionService.swift */,
				497698F50F8F5D38D66B556C /* UnlockService.swift */,
			);
			path = Services;
			sourceTree = "<group>";
		};
/* End PBXGroup section */

/* Begin PBXNativeTarget section */
		B31792123AFFB03E53C3177F /* Paperweight */ = {
			isa = PBXNativeTarget;
			buildConfigurationList = 13988AA8C3DF887923264289 /* Build configuration list for PBXNativeTarget "Paperweight" */;
			buildPhases = (
				C2D5C27273CB6625D7FB36A9 /* Sources */,
				0C22A1339B89CD02C8ED102C /* Resources */,
				9A432A40CFFD49F9D027786C /* Frameworks */,
				BF07C0CEE76710A1813B47A8 /* Embed Foundation Extensions */,
			);
			buildRules = (
			);
			dependencies = (
				A3BD179639079AC178CF6B2C /* PBXTargetDependency */,
			);
			name = Paperweight;
			packageProductDependencies = (
			);
			productName = Paperweight;
			productReference = 8E24AC0D3BBE607941DBA376 /* Paperweight.app */;
			productType = "com.apple.product-type.application";
		};
		B8DCF9B93F82CB05909096C3 /* PaperweightTests */ = {
			isa = PBXNativeTarget;
			buildConfigurationList = 626BCE36291D04BF74D6240D /* Build configuration list for PBXNativeTarget "PaperweightTests" */;
			buildPhases = (
				CE45D616D489C4D1F955BC9D /* Sources */,
				01874114DF0B099A303D4221 /* Frameworks */,
			);
			buildRules = (
			);
			dependencies = (
			);
			name = PaperweightTests;
			packageProductDependencies = (
			);
			productName = PaperweightTests;
			productReference = A2D5EC807AF58E21436D3AC4 /* PaperweightTests.xctest */;
			productType = "com.apple.product-type.bundle.unit-test";
		};
		BAC30A900654386918FD9C87 /* PaperweightMonitor */ = {
			isa = PBXNativeTarget;
			buildConfigurationList = BC1CC2DD98A9CFF0D9040221 /* Build configuration list for PBXNativeTarget "PaperweightMonitor" */;
			buildPhases = (
				D02ECC2E5D64BD858307E75D /* Sources */,
				B4DC66D20E948D8564C5D0B3 /* Frameworks */,
			);
			buildRules = (
			);
			dependencies = (
			);
			name = PaperweightMonitor;
			packageProductDependencies = (
			);
			productName = PaperweightMonitor;
			productReference = 14BF93E70A98619836CE6456 /* PaperweightMonitor.appex */;
			productType = "com.apple.product-type.app-extension";
		};
/* End PBXNativeTarget section */

/* Begin PBXProject section */
		3E6ACD68C01D066401A4AD6B /* Project object */ = {
			isa = PBXProject;
			attributes = {
				BuildIndependentTargetsInParallel = YES;
				LastUpgradeCheck = 1500;
				TargetAttributes = {
					B31792123AFFB03E53C3177F = {
						DevelopmentTeam = "";
					};
					B8DCF9B93F82CB05909096C3 = {
						DevelopmentTeam = "";
					};
					BAC30A900654386918FD9C87 = {
						DevelopmentTeam = "";
					};
				};
			};
			buildConfigurationList = E004B01222D5E859105C49F2 /* Build configuration list for PBXProject "Paperweight" */;
			developmentRegion = en;
			hasScannedForEncodings = 0;
			knownRegions = (
				Base,
				en,
			);
			mainGroup = 040D720044C7F8ED4C62B38D;
			minimizedProjectReferenceProxies = 1;
			preferredProjectObjectVersion = 77;
			productRefGroup = E9E126D579897321F3F23B63 /* Products */;
			projectDirPath = "";
			projectRoot = "";
			targets = (
				B31792123AFFB03E53C3177F /* Paperweight */,
				BAC30A900654386918FD9C87 /* PaperweightMonitor */,
				B8DCF9B93F82CB05909096C3 /* PaperweightTests */,
			);
		};
/* End PBXProject section */

/* Begin PBXResourcesBuildPhase section */
		0C22A1339B89CD02C8ED102C /* Resources */ = {
			isa = PBXResourcesBuildPhase;
			buildActionMask = 2147483647;
			files = (
				B19AAC31F05CE108F2B19A1A /* Assets.xcassets in Resources */,
				BBE028A9F17A27DA612374EE /* SchibstedGrotesk.ttf in Resources */,
				91738619322FD967319A090B /* Spectral-Light.ttf in Resources */,
				985994F02E9178DA3E96ACC6 /* Spectral-LightItalic.ttf in Resources */,
			);
			runOnlyForDeploymentPostprocessing = 0;
		};
/* End PBXResourcesBuildPhase section */

/* Begin PBXSourcesBuildPhase section */
		C2D5C27273CB6625D7FB36A9 /* Sources */ = {
			isa = PBXSourcesBuildPhase;
			buildActionMask = 2147483647;
			files = (
				8BD8EA08C0DF578A025D69B0 /* AppScheduleOverride.swift in Sources */,
				BA8884DEF16AC136977095A0 /* ConfigStore.swift in Sources */,
				650E12E7894E8260902B4AB5 /* Constants.swift in Sources */,
				83EC4D3E7E5AC0D75F3CF27C /* DisablePaperweightSheet.swift in Sources */,
				CE8076341C31A3D1062D6B64 /* DissolveText.swift in Sources */,
				AAA31E1B007C9E8E59B5918A /* FamilyActivitySelection+Summary.swift in Sources */,
				E59D5A2C7ACFE311F51E25AB /* FamilyControlsService.swift in Sources */,
				73E676B9CFAB3F345FE496C5 /* FamilyControlsServiceProtocol.swift in Sources */,
				4665B03758F0126826B2AC47 /* HomeView.swift in Sources */,
				A302E708456D7170EED1527A /* HomeViewModel.swift in Sources */,
				63494D2979924E643F1212B6 /* NFCBuyingGuideView.swift in Sources */,
				F226E770514F86CD56A48425 /* NFCError.swift in Sources */,
				B3B16CBBAF9C7007E03A1C2D /* NFCService.swift in Sources */,
				6D5F7540E174A627BABDE9B3 /* NFCServiceProtocol.swift in Sources */,
				3DE7B615FF189E1D7BF27B40 /* NFCSetupView.swift in Sources */,
				236D3E1A7F54C81B6219E82A /* PaperweightApp.swift in Sources */,
				D77BA22D048D5BC84FAD3A61 /* PaperweightConfig.swift in Sources */,
				82BB5D4E7DF0F181BE1DDD56 /* PaperweightSchedule.swift in Sources */,
				32A91960EBE2A9869D2BC527 /* Phrases.swift in Sources */,
				20B484AA1B047782345594AC /* QuietGlassControls.swift in Sources */,
				72DB3538D76A9807E61A817C /* QuietGlassMotifs.swift in Sources */,
				7582E00B005ACF79D4FAF826 /* RecoveryCode.swift in Sources */,
				510CE49FE5D5AD1BA17AE0B4 /* RecoveryCodeService.swift in Sources */,
				488665AECFFF3EBB720368F9 /* RecoveryCodesView.swift in Sources */,
				0585E03413FFDF9EFCA29162 /* RemoteConfigService.swift in Sources */,
				2CD399E9A43A551F6AD5AA08 /* RestrictionService.swift in Sources */,
				C871CD3DFEC37637DA7E4D27 /* RestrictionServiceProtocols.swift in Sources */,
				79EE2079919843270EA8647F /* ScheduleService.swift in Sources */,
				EF65ED71C4FF21E93D27E722 /* ScheduleView.swift in Sources */,
				16C4692BF8F6FB78A0AF8396 /* Theme.swift in Sources */,
				F1F9010363988A4AC15640F4 /* UnlockError.swift in Sources */,
				F5F68C74DA31D2A3967CDADC /* UnlockService.swift in Sources */,
				546FD52159CD41A43610D0CE /* UnlockView.swift in Sources */,
			);
			runOnlyForDeploymentPostprocessing = 0;
		};
		CE45D616D489C4D1F955BC9D /* Sources */ = {
			isa = PBXSourcesBuildPhase;
			buildActionMask = 2147483647;
			files = (
				A348E46CC02DA56F28126EAE /* AppScheduleOverride.swift in Sources */,
				E7389ADA39ACF946603D5564 /* ConfigStore.swift in Sources */,
				89A5E3CB6E85F46BFA2444D8 /* ConfigStoreTests.swift in Sources */,
				A7D129795779FC6DB2893F51 /* Constants.swift in Sources */,
				5356D37A9C4CCDE78AA00F68 /* FamilyControlsServiceProtocol.swift in Sources */,
				A26ACC8ECB32908F3EB398A4 /* HomeViewModel.swift in Sources */,
				4F58CACFF6415F405CE76572 /* HomeViewModelTests.swift in Sources */,
				231C780B7D6E28FAD793E4BB /* MockFamilyControlsService.swift in Sources */,
				81E670B9862CFB149B8BA647 /* MockManagedSettingsStore.swift in Sources */,
				635F665B2460E2705D1035EF /* MockNFCService.swift in Sources */,
				DB8C14210D8D7D49B3B80C92 /* NFCError.swift in Sources */,
				7033EAF2C0ABBF499384B243 /* NFCServiceProtocol.swift in Sources */,
				AC2A289D780D35CAA93E81BE /* PaperweightConfig.swift in Sources */,
				A53DA99915F59AA209AC5529 /* PaperweightConfigTests.swift in Sources */,
				ADD1522D64DC58D31B162343 /* PaperweightSchedule.swift in Sources */,
				343373EAD62D693C32ADF916 /* PaperweightTests.swift in Sources */,
				92D65888149ADC4999112910 /* RecoveryCode.swift in Sources */,
				DFECF6080B935CA87530DE30 /* RestrictionService.swift in Sources */,
				AB33A18842DBE7B2E5FE13EF /* RestrictionServiceProtocols.swift in Sources */,
				56A632507F2C3965376DCEB1 /* RestrictionServiceTests.swift in Sources */,
				8FA4807D8F3098534BFD82FF /* Theme.swift in Sources */,
				DE14CE3876EB0B465A38D391 /* UnlockError.swift in Sources */,
				1D8836FD8B7D24D197F5D4AC /* UnlockService.swift in Sources */,
				C216DB6EE0BF7910C50A2ED4 /* UnlockServiceTests.swift in Sources */,
			);
			runOnlyForDeploymentPostprocessing = 0;
		};
		D02ECC2E5D64BD858307E75D /* Sources */ = {
			isa = PBXSourcesBuildPhase;
			buildActionMask = 2147483647;
			files = (
				18BD42D7B852803D64AE1A29 /* AppScheduleOverride.swift in Sources */,
				CFF71B13D0936160DF62DF25 /* ConfigStore.swift in Sources */,
				C52C44661DB163A6A674CD94 /* Constants.swift in Sources */,
				32E61BBDBB546858D9D37A59 /* FamilyControlsServiceProtocol.swift in Sources */,
				278FFD23A1D63FECCF6D55BF /* HomeViewModel.swift in Sources */,
				B8D200F1968016B8D3A39B1C /* NFCError.swift in Sources */,
				2D9AA9D10A2B06AC21BD531A /* NFCServiceProtocol.swift in Sources */,
				5FB4A31E86CBF59A93F84E8B /* PaperweightConfig.swift in Sources */,
				BDEBCA32A049E3FA07DC0C3B /* PaperweightMonitor.swift in Sources */,
				35246FB65A87F3CE6BA6F9C7 /* PaperweightSchedule.swift in Sources */,
				CD08568061993B59263ADD73 /* RecoveryCode.swift in Sources */,
				AFD4876C736B06CA0FA4D105 /* RestrictionService.swift in Sources */,
				4656D694A0BC116B5C3C310D /* RestrictionServiceProtocols.swift in Sources */,
				FDB136D8C8B149F52135D5BC /* Theme.swift in Sources */,
				564C9D3B84D6180C6FE549CB /* UnlockError.swift in Sources */,
				795CD1B8B7A12F99291CC116 /* UnlockService.swift in Sources */,
			);
			runOnlyForDeploymentPostprocessing = 0;
		};
/* End PBXSourcesBuildPhase section */

/* Begin PBXTargetDependency section */
		A3BD179639079AC178CF6B2C /* PBXTargetDependency */ = {
			isa = PBXTargetDependency;
			target = BAC30A900654386918FD9C87 /* PaperweightMonitor */;
			targetProxy = 338520E716FE4034184B620A /* PBXContainerItemProxy */;
		};
/* End PBXTargetDependency section */

/* Begin XCBuildConfiguration section */
		14C24AC43273B29E22456739 /* Debug */ = {
			isa = XCBuildConfiguration;
			buildSettings = {
				ASSETCATALOG_COMPILER_APPICON_NAME = AppIcon;
				CODE_SIGN_ENTITLEMENTS = Paperweight/Paperweight.entitlements;
				CODE_SIGN_IDENTITY = "iPhone Developer";
				INFOPLIST_FILE = Paperweight/Info.plist;
				IPHONEOS_DEPLOYMENT_TARGET = 17.0;
				LD_RUNPATH_SEARCH_PATHS = (
					"$(inherited)",
					"@executable_path/Frameworks",
				);
				PRODUCT_BUNDLE_IDENTIFIER = media.baltar.paperweight;
				SDKROOT = iphoneos;
				TARGETED_DEVICE_FAMILY = 1;
			};
			name = Debug;
		};
		3F974E60ECEAABD39894CA0F /* Release */ = {
			isa = XCBuildConfiguration;
			buildSettings = {
				CODE_SIGN_ENTITLEMENTS = PaperweightMonitor/PaperweightMonitor.entitlements;
				INFOPLIST_FILE = PaperweightMonitor/Info.plist;
				IPHONEOS_DEPLOYMENT_TARGET = 17.0;
				LD_RUNPATH_SEARCH_PATHS = (
					"$(inherited)",
					"@executable_path/Frameworks",
					"@executable_path/../../Frameworks",
				);
				PRODUCT_BUNDLE_IDENTIFIER = media.baltar.paperweight.monitor;
				SDKROOT = iphoneos;
				TARGETED_DEVICE_FAMILY = "1,2";
			};
			name = Release;
		};
		7FB8233D0A9CE37D1A5F830C /* Release */ = {
			isa = XCBuildConfiguration;
			buildSettings = {
				ALWAYS_SEARCH_USER_PATHS = NO;
				CLANG_ANALYZER_NONNULL = YES;
				CLANG_ANALYZER_NUMBER_OBJECT_CONVERSION = YES_AGGRESSIVE;
				CLANG_CXX_LANGUAGE_STANDARD = "gnu++14";
				CLANG_CXX_LIBRARY = "libc++";
				CLANG_ENABLE_MODULES = YES;
				CLANG_ENABLE_OBJC_ARC = YES;
				CLANG_ENABLE_OBJC_WEAK = YES;
				CLANG_WARN_BLOCK_CAPTURE_AUTORELEASING = YES;
				CLANG_WARN_BOOL_CONVERSION = YES;
				CLANG_WARN_COMMA = YES;
				CLANG_WARN_CONSTANT_CONVERSION = YES;
				CLANG_WARN_DEPRECATED_OBJC_IMPLEMENTATIONS = YES;
				CLANG_WARN_DIRECT_OBJC_ISA_USAGE = YES_ERROR;
				CLANG_WARN_DOCUMENTATION_COMMENTS = YES;
				CLANG_WARN_EMPTY_BODY = YES;
				CLANG_WARN_ENUM_CONVERSION = YES;
				CLANG_WARN_INFINITE_RECURSION = YES;
				CLANG_WARN_INT_CONVERSION = YES;
				CLANG_WARN_NON_LITERAL_NULL_CONVERSION = YES;
				CLANG_WARN_OBJC_IMPLICIT_RETAIN_SELF = YES;
				CLANG_WARN_OBJC_LITERAL_CONVERSION = YES;
				CLANG_WARN_OBJC_ROOT_CLASS = YES_ERROR;
				CLANG_WARN_QUOTED_INCLUDE_IN_FRAMEWORK_HEADER = YES;
				CLANG_WARN_RANGE_LOOP_ANALYSIS = YES;
				CLANG_WARN_STRICT_PROTOTYPES = YES;
				CLANG_WARN_SUSPICIOUS_MOVE = YES;
				CLANG_WARN_UNGUARDED_AVAILABILITY = YES_AGGRESSIVE;
				CLANG_WARN_UNREACHABLE_CODE = YES;
				CLANG_WARN__DUPLICATE_METHOD_MATCH = YES;
				COPY_PHASE_STRIP = NO;
				DEBUG_INFORMATION_FORMAT = "dwarf-with-dsym";
				DEVELOPMENT_TEAM = "";
				ENABLE_NS_ASSERTIONS = NO;
				ENABLE_STRICT_OBJC_MSGSEND = YES;
				GCC_C_LANGUAGE_STANDARD = gnu11;
				GCC_NO_COMMON_BLOCKS = YES;
				GCC_WARN_64_TO_32_BIT_CONVERSION = YES;
				GCC_WARN_ABOUT_RETURN_TYPE = YES_ERROR;
				GCC_WARN_UNDECLARED_SELECTOR = YES;
				GCC_WARN_UNINITIALIZED_AUTOS = YES_AGGRESSIVE;
				GCC_WARN_UNUSED_FUNCTION = YES;
				GCC_WARN_UNUSED_VARIABLE = YES;
				IPHONEOS_DEPLOYMENT_TARGET = 17.0;
				MTL_ENABLE_DEBUG_INFO = NO;
				MTL_FAST_MATH = YES;
				PRODUCT_NAME = "$(TARGET_NAME)";
				SDKROOT = iphoneos;
				SWIFT_COMPILATION_MODE = wholemodule;
				SWIFT_OPTIMIZATION_LEVEL = "-O";
				SWIFT_VERSION = 5.9;
			};
			name = Release;
		};
		8FA27906E8504534F4E6D006 /* Debug */ = {
			isa = XCBuildConfiguration;
			buildSettings = {
				CODE_SIGN_ENTITLEMENTS = PaperweightMonitor/PaperweightMonitor.entitlements;
				INFOPLIST_FILE = PaperweightMonitor/Info.plist;
				IPHONEOS_DEPLOYMENT_TARGET = 17.0;
				LD_RUNPATH_SEARCH_PATHS = (
					"$(inherited)",
					"@executable_path/Frameworks",
					"@executable_path/../../Frameworks",
				);
				PRODUCT_BUNDLE_IDENTIFIER = media.baltar.paperweight.monitor;
				SDKROOT = iphoneos;
				TARGETED_DEVICE_FAMILY = "1,2";
			};
			name = Debug;
		};
		D7317B99EC25D8C3EA041629 /* Debug */ = {
			isa = XCBuildConfiguration;
			buildSettings = {
				ALWAYS_SEARCH_USER_PATHS = NO;
				CLANG_ANALYZER_NONNULL = YES;
				CLANG_ANALYZER_NUMBER_OBJECT_CONVERSION = YES_AGGRESSIVE;
				CLANG_CXX_LANGUAGE_STANDARD = "gnu++14";
				CLANG_CXX_LIBRARY = "libc++";
				CLANG_ENABLE_MODULES = YES;
				CLANG_ENABLE_OBJC_ARC = YES;
				CLANG_ENABLE_OBJC_WEAK = YES;
				CLANG_WARN_BLOCK_CAPTURE_AUTORELEASING = YES;
				CLANG_WARN_BOOL_CONVERSION = YES;
				CLANG_WARN_COMMA = YES;
				CLANG_WARN_CONSTANT_CONVERSION = YES;
				CLANG_WARN_DEPRECATED_OBJC_IMPLEMENTATIONS = YES;
				CLANG_WARN_DIRECT_OBJC_ISA_USAGE = YES_ERROR;
				CLANG_WARN_DOCUMENTATION_COMMENTS = YES;
				CLANG_WARN_EMPTY_BODY = YES;
				CLANG_WARN_ENUM_CONVERSION = YES;
				CLANG_WARN_INFINITE_RECURSION = YES;
				CLANG_WARN_INT_CONVERSION = YES;
				CLANG_WARN_NON_LITERAL_NULL_CONVERSION = YES;
				CLANG_WARN_OBJC_IMPLICIT_RETAIN_SELF = YES;
				CLANG_WARN_OBJC_LITERAL_CONVERSION = YES;
				CLANG_WARN_OBJC_ROOT_CLASS = YES_ERROR;
				CLANG_WARN_QUOTED_INCLUDE_IN_FRAMEWORK_HEADER = YES;
				CLANG_WARN_RANGE_LOOP_ANALYSIS = YES;
				CLANG_WARN_STRICT_PROTOTYPES = YES;
				CLANG_WARN_SUSPICIOUS_MOVE = YES;
				CLANG_WARN_UNGUARDED_AVAILABILITY = YES_AGGRESSIVE;
				CLANG_WARN_UNREACHABLE_CODE = YES;
				CLANG_WARN__DUPLICATE_METHOD_MATCH = YES;
				COPY_PHASE_STRIP = NO;
				DEBUG_INFORMATION_FORMAT = dwarf;
				DEVELOPMENT_TEAM = "";
				ENABLE_STRICT_OBJC_MSGSEND = YES;
				ENABLE_TESTABILITY = YES;
				GCC_C_LANGUAGE_STANDARD = gnu11;
				GCC_DYNAMIC_NO_PIC = NO;
				GCC_NO_COMMON_BLOCKS = YES;
				GCC_OPTIMIZATION_LEVEL = 0;
				GCC_PREPROCESSOR_DEFINITIONS = (
					"$(inherited)",
					"DEBUG=1",
				);
				GCC_WARN_64_TO_32_BIT_CONVERSION = YES;
				GCC_WARN_ABOUT_RETURN_TYPE = YES_ERROR;
				GCC_WARN_UNDECLARED_SELECTOR = YES;
				GCC_WARN_UNINITIALIZED_AUTOS = YES_AGGRESSIVE;
				GCC_WARN_UNUSED_FUNCTION = YES;
				GCC_WARN_UNUSED_VARIABLE = YES;
				IPHONEOS_DEPLOYMENT_TARGET = 17.0;
				MTL_ENABLE_DEBUG_INFO = INCLUDE_SOURCE;
				MTL_FAST_MATH = YES;
				ONLY_ACTIVE_ARCH = YES;
				PRODUCT_NAME = "$(TARGET_NAME)";
				SDKROOT = iphoneos;
				SWIFT_ACTIVE_COMPILATION_CONDITIONS = DEBUG;
				SWIFT_OPTIMIZATION_LEVEL = "-Onone";
				SWIFT_VERSION = 5.9;
			};
			name = Debug;
		};
		D8A1444893787DB40B43E76E /* Release */ = {
			isa = XCBuildConfiguration;
			buildSettings = {
				ASSETCATALOG_COMPILER_APPICON_NAME = AppIcon;
				CODE_SIGN_ENTITLEMENTS = Paperweight/Paperweight.entitlements;
				CODE_SIGN_IDENTITY = "iPhone Developer";
				INFOPLIST_FILE = Paperweight/Info.plist;
				IPHONEOS_DEPLOYMENT_TARGET = 17.0;
				LD_RUNPATH_SEARCH_PATHS = (
					"$(inherited)",
					"@executable_path/Frameworks",
				);
				PRODUCT_BUNDLE_IDENTIFIER = media.baltar.paperweight;
				SDKROOT = iphoneos;
				TARGETED_DEVICE_FAMILY = 1;
			};
			name = Release;
		};
		DA2E04A9A1280E09DC2FB4B5 /* Debug */ = {
			isa = XCBuildConfiguration;
			buildSettings = {
				BUNDLE_LOADER = "$(TEST_HOST)";
				GENERATE_INFOPLIST_FILE = YES;
				IPHONEOS_DEPLOYMENT_TARGET = 17.0;
				LD_RUNPATH_SEARCH_PATHS = (
					"$(inherited)",
					"@executable_path/Frameworks",
					"@loader_path/Frameworks",
				);
				PRODUCT_BUNDLE_IDENTIFIER = media.baltar.paperweight.tests;
				SDKROOT = iphoneos;
				TARGETED_DEVICE_FAMILY = "1,2";
			};
			name = Debug;
		};
		FAC9F0B5462B335D2582B951 /* Release */ = {
			isa = XCBuildConfiguration;
			buildSettings = {
				BUNDLE_LOADER = "$(TEST_HOST)";
				GENERATE_INFOPLIST_FILE = YES;
				IPHONEOS_DEPLOYMENT_TARGET = 17.0;
				LD_RUNPATH_SEARCH_PATHS = (
					"$(inherited)",
					"@executable_path/Frameworks",
					"@loader_path/Frameworks",
				);
				PRODUCT_BUNDLE_IDENTIFIER = media.baltar.paperweight.tests;
				SDKROOT = iphoneos;
				TARGETED_DEVICE_FAMILY = "1,2";
			};
			name = Release;
		};
/* End XCBuildConfiguration section */

/* Begin XCConfigurationList section */
		13988AA8C3DF887923264289 /* Build configuration list for PBXNativeTarget "Paperweight" */ = {
			isa = XCConfigurationList;
			buildConfigurations = (
				14C24AC43273B29E22456739 /* Debug */,
				D8A1444893787DB40B43E76E /* Release */,
			);
			defaultConfigurationIsVisible = 0;
			defaultConfigurationName = Debug;
		};
		626BCE36291D04BF74D6240D /* Build configuration list for PBXNativeTarget "PaperweightTests" */ = {
			isa = XCConfigurationList;
			buildConfigurations = (
				DA2E04A9A1280E09DC2FB4B5 /* Debug */,
				FAC9F0B5462B335D2582B951 /* Release */,
			);
			defaultConfigurationIsVisible = 0;
			defaultConfigurationName = Debug;
		};
		BC1CC2DD98A9CFF0D9040221 /* Build configuration list for PBXNativeTarget "PaperweightMonitor" */ = {
			isa = XCConfigurationList;
			buildConfigurations = (
				8FA27906E8504534F4E6D006 /* Debug */,
				3F974E60ECEAABD39894CA0F /* Release */,
			);
			defaultConfigurationIsVisible = 0;
			defaultConfigurationName = Debug;
		};
		E004B01222D5E859105C49F2 /* Build configuration list for PBXProject "Paperweight" */ = {
			isa = XCConfigurationList;
			buildConfigurations = (
				D7317B99EC25D8C3EA041629 /* Debug */,
				7FB8233D0A9CE37D1A5F830C /* Release */,
			);
			defaultConfigurationIsVisible = 0;
			defaultConfigurationName = Debug;
		};
/* End XCConfigurationList section */
	};
	rootObject = 3E6ACD68C01D066401A4AD6B /* Project object */;
}
